
Microsoft Visual Studio Solution File, Format Version 12.00
# Visual Studio Version 16
VisualStudioVersion = 16.0.29519.87
MinimumVisualStudioVersion = 10.0.40219.1
Project("{9A19103F-16F7-4668-BE54-9A1E7A4F7556}") = "MSC.AD", "MSC.AD\MSC.AD.csproj", "{DF1932F2-BFE9-4354-B1F9-34D1E1452867}"
EndProject
Project("{2150E333-8FDC-42A3-9474-1A3956D46DE8}") = "Learning", "Learning", "{4C6E9BD0-40F5-43F7-8F7B-227676E9CF06}"
EndProject
Project("{2150E333-8FDC-42A3-9474-1A3956D46DE8}") = "From Docs", "From Docs", "{F48AA237-6F2C-45E5-B72F-87E0167E54FC}"
EndProject
Project("{9A19103F-16F7-4668-BE54-9A1E7A4F7556}") = "AzureADMSAL", "AzureADMSAL\AzureADMSAL.csproj", "{FD92EDBB-C388-418C-BDCB-6DE76D43F10C}"
EndProject
Project("{9A19103F-16F7-4668-BE54-9A1E7A4F7556}") = "AzureADAPI", "AzureADAPI\AzureADAPI.csproj", "{6579C145-7CC2-489B-AA0F-09D8E2F7A3B3}"
EndProject
Project("{FAE04EC0-301F-11D3-BF4B-00C04F79EFBC}") = "AdalNetWpf", "AdalNetWpf\AdalNetWpf.csproj", "{676459CA-3007-4290-A972-EDC853D5B0DD}"
EndProject
Project("{9A19103F-16F7-4668-BE54-9A1E7A4F7556}") = "AzureADAPIV2", "AzureADAPIV2\AzureADAPIV2.csproj", "{3F28D47E-7AA3-401C-8CC1-ED56E78A6394}"
EndProject
Project("{2150E333-8FDC-42A3-9474-1A3956D46DE8}") = "Adal.NET", "Adal.NET", "{8980F069-81A2-4DF6-BD46-29CC237E9459}"
EndProject
Project("{2150E333-8FDC-42A3-9474-1A3956D46DE8}") = "Msal.NET", "Msal.NET", "{56362E45-09C0-448F-BDE0-7099EED20828}"
EndProject
Project("{2150E333-8FDC-42A3-9474-1A3956D46DE8}") = "Rewind", "Rewind", "{038088E2-A3BB-4B3F-80D7-5E56BF5FF9A6}"
EndProject
Project("{2150E333-8FDC-42A3-9474-1A3956D46DE8}") = "Rewind 1", "Rewind 1", "{95B9D85D-B9CF-43C6-9B53-A1F17DA67A34}"
EndProject
Project("{9A19103F-16F7-4668-BE54-9A1E7A4F7556}") = "Rewind.APILayer1", "Rewind.APILayer1\Rewind.APILayer1.csproj", "{788C96A5-5A24-455E-80E5-D6ACD9D320DE}"
EndProject
Project("{FAE04EC0-301F-11D3-BF4B-00C04F79EFBC}") = "Rewind.WPFClient", "Rewind.WPFClient\Rewind.WPFClient.csproj", "{B034742A-06AB-49AD-B43A-47D1A88CDEE3}"
EndProject
Project("{9A19103F-16F7-4668-BE54-9A1E7A4F7556}") = "Rewind.APILayer2", "Rewind.APILayer2\Rewind.APILayer2.csproj", "{B86A383A-2E40-4E78-AC55-939A797A7A5C}"
EndProject
Project("{9A19103F-16F7-4668-BE54-9A1E7A4F7556}") = "Rewind.WebApp1", "Rewind.WebApp1\Rewind.WebApp1.csproj", "{9FC88523-0086-4779-96A0-18B4DFE7BD7A}"
EndProject
Project("{FAE04EC0-301F-11D3-BF4B-00C04F79EFBC}") = "Rewind.ConsoleClientCredentialFlow1", "Rewind.ConsoleClientCredentialFlow1\Rewind.ConsoleClientCredentialFlow1.csproj", "{F48F83A9-255E-4E49-A14F-94930563810E}"
EndProject
Global
	GlobalSection(SolutionConfigurationPlatforms) = preSolution
		Debug|Any CPU = Debug|Any CPU
		Release|Any CPU = Release|Any CPU
	EndGlobalSection
	GlobalSection(ProjectConfigurationPlatforms) = postSolution
		{DF1932F2-BFE9-4354-B1F9-34D1E1452867}.Debug|Any CPU.ActiveCfg = Debug|Any CPU
		{DF1932F2-BFE9-4354-B1F9-34D1E1452867}.Debug|Any CPU.Build.0 = Debug|Any CPU
		{DF1932F2-BFE9-4354-B1F9-34D1E1452867}.Release|Any CPU.ActiveCfg = Release|Any CPU
		{DF1932F2-BFE9-4354-B1F9-34D1E1452867}.Release|Any CPU.Build.0 = Release|Any CPU
		{FD92EDBB-C388-418C-BDCB-6DE76D43F10C}.Debug|Any CPU.ActiveCfg = Debug|Any CPU
		{FD92EDBB-C388-418C-BDCB-6DE76D43F10C}.Debug|Any CPU.Build.0 = Debug|Any CPU
		{FD92EDBB-C388-418C-BDCB-6DE76D43F10C}.Release|Any CPU.ActiveCfg = Release|Any CPU
		{FD92EDBB-C388-418C-BDCB-6DE76D43F10C}.Release|Any CPU.Build.0 = Release|Any CPU
		{6579C145-7CC2-489B-AA0F-09D8E2F7A3B3}.Debug|Any CPU.ActiveCfg = Debug|Any CPU
		{6579C145-7CC2-489B-AA0F-09D8E2F7A3B3}.Debug|Any CPU.Build.0 = Debug|Any CPU
		{6579C145-7CC2-489B-AA0F-09D8E2F7A3B3}.Release|Any CPU.ActiveCfg = Release|Any CPU
		{6579C145-7CC2-489B-AA0F-09D8E2F7A3B3}.Release|Any CPU.Build.0 = Release|Any CPU
		{676459CA-3007-4290-A972-EDC853D5B0DD}.Debug|Any CPU.ActiveCfg = Debug|Any CPU
		{676459CA-3007-4290-A972-EDC853D5B0DD}.Debug|Any CPU.Build.0 = Debug|Any CPU
		{676459CA-3007-4290-A972-EDC853D5B0DD}.Release|Any CPU.ActiveCfg = Release|Any CPU
		{676459CA-3007-4290-A972-EDC853D5B0DD}.Release|Any CPU.Build.0 = Release|Any CPU
		{3F28D47E-7AA3-401C-8CC1-ED56E78A6394}.Debug|Any CPU.ActiveCfg = Debug|Any CPU
		{3F28D47E-7AA3-401C-8CC1-ED56E78A6394}.Debug|Any CPU.Build.0 = Debug|Any CPU
		{3F28D47E-7AA3-401C-8CC1-ED56E78A6394}.Release|Any CPU.ActiveCfg = Release|Any CPU
		{3F28D47E-7AA3-401C-8CC1-ED56E78A6394}.Release|Any CPU.Build.0 = Release|Any CPU
		{788C96A5-5A24-455E-80E5-D6ACD9D320DE}.Debug|Any CPU.ActiveCfg = Debug|Any CPU
		{788C96A5-5A24-455E-80E5-D6ACD9D320DE}.Debug|Any CPU.Build.0 = Debug|Any CPU
		{788C96A5-5A24-455E-80E5-D6ACD9D320DE}.Release|Any CPU.ActiveCfg = Release|Any CPU
		{788C96A5-5A24-455E-80E5-D6ACD9D320DE}.Release|Any CPU.Build.0 = Release|Any CPU
		{B034742A-06AB-49AD-B43A-47D1A88CDEE3}.Debug|Any CPU.ActiveCfg = Debug|Any CPU
		{B034742A-06AB-49AD-B43A-47D1A88CDEE3}.Debug|Any CPU.Build.0 = Debug|Any CPU
		{B034742A-06AB-49AD-B43A-47D1A88CDEE3}.Release|Any CPU.ActiveCfg = Release|Any CPU
		{B034742A-06AB-49AD-B43A-47D1A88CDEE3}.Release|Any CPU.Build.0 = Release|Any CPU
		{B86A383A-2E40-4E78-AC55-939A797A7A5C}.Debug|Any CPU.ActiveCfg = Debug|Any CPU
		{B86A383A-2E40-4E78-AC55-939A797A7A5C}.Debug|Any CPU.Build.0 = Debug|Any CPU
		{B86A383A-2E40-4E78-AC55-939A797A7A5C}.Release|Any CPU.ActiveCfg = Release|Any CPU
		{B86A383A-2E40-4E78-AC55-939A797A7A5C}.Release|Any CPU.Build.0 = Release|Any CPU
		{9FC88523-0086-4779-96A0-18B4DFE7BD7A}.Debug|Any CPU.ActiveCfg = Debug|Any CPU
		{9FC88523-0086-4779-96A0-18B4DFE7BD7A}.Debug|Any CPU.Build.0 = Debug|Any CPU
		{9FC88523-0086-4779-96A0-18B4DFE7BD7A}.Release|Any CPU.ActiveCfg = Release|Any CPU
		{9FC88523-0086-4779-96A0-18B4DFE7BD7A}.Release|Any CPU.Build.0 = Release|Any CPU
		{F48F83A9-255E-4E49-A14F-94930563810E}.Debug|Any CPU.ActiveCfg = Debug|Any CPU
		{F48F83A9-255E-4E49-A14F-94930563810E}.Debug|Any CPU.Build.0 = Debug|Any CPU
		{F48F83A9-255E-4E49-A14F-94930563810E}.Release|Any CPU.ActiveCfg = Release|Any CPU
		{F48F83A9-255E-4E49-A14F-94930563810E}.Release|Any CPU.Build.0 = Release|Any CPU
	EndGlobalSection
	GlobalSection(SolutionProperties) = preSolution
		HideSolutionNode = FALSE
	EndGlobalSection
	GlobalSection(NestedProjects) = preSolution
		{F48AA237-6F2C-45E5-B72F-87E0167E54FC} = {4C6E9BD0-40F5-43F7-8F7B-227676E9CF06}
		{FD92EDBB-C388-418C-BDCB-6DE76D43F10C} = {8980F069-81A2-4DF6-BD46-29CC237E9459}
		{6579C145-7CC2-489B-AA0F-09D8E2F7A3B3} = {8980F069-81A2-4DF6-BD46-29CC237E9459}
		{676459CA-3007-4290-A972-EDC853D5B0DD} = {8980F069-81A2-4DF6-BD46-29CC237E9459}
		{3F28D47E-7AA3-401C-8CC1-ED56E78A6394} = {8980F069-81A2-4DF6-BD46-29CC237E9459}
		{8980F069-81A2-4DF6-BD46-29CC237E9459} = {F48AA237-6F2C-45E5-B72F-87E0167E54FC}
		{56362E45-09C0-448F-BDE0-7099EED20828} = {F48AA237-6F2C-45E5-B72F-87E0167E54FC}
		{95B9D85D-B9CF-43C6-9B53-A1F17DA67A34} = {038088E2-A3BB-4B3F-80D7-5E56BF5FF9A6}
		{788C96A5-5A24-455E-80E5-D6ACD9D320DE} = {95B9D85D-B9CF-43C6-9B53-A1F17DA67A34}
		{B034742A-06AB-49AD-B43A-47D1A88CDEE3} = {95B9D85D-B9CF-43C6-9B53-A1F17DA67A34}
		{B86A383A-2E40-4E78-AC55-939A797A7A5C} = {95B9D85D-B9CF-43C6-9B53-A1F17DA67A34}
		{9FC88523-0086-4779-96A0-18B4DFE7BD7A} = {95B9D85D-B9CF-43C6-9B53-A1F17DA67A34}
		{F48F83A9-255E-4E49-A14F-94930563810E} = {95B9D85D-B9CF-43C6-9B53-A1F17DA67A34}
	EndGlobalSection
	GlobalSection(ExtensibilityGlobals) = postSolution
		SolutionGuid = {B4A4EA56-AD56-4294-ACDA-EE59FFF62F66}
	EndGlobalSection
EndGlobal
